
Microsoft Visual Studio Solution File, Format Version 12.00
# Visual Studio Version 17
VisualStudioVersion = 17.0.31903.59
MinimumVisualStudioVersion = 10.0.40219.1
Project("{FAE04EC0-301F-11D3-BF4B-00C04F79EFBC}") = "LibraryData", "LibraryData\LibraryData.csproj", "{EAD2F971-D17A-46B1-98BD-BB9D31592683}"
EndProject
Project("{FAE04EC0-301F-11D3-BF4B-00C04F79EFBC}") = "LibraryApi", "LibraryApi\LibraryApi.csproj", "{277D9E30-55C5-4B7A-B27A-6470341C2854}"
EndProject
Project("{FAE04EC0-301F-11D3-BF4B-00C04F79EFBC}") = "LibraryBusiness", "LibraryBusiness\LibraryBusiness.csproj", "{77B97D08-165E-4B52-9106-C77009A5B697}"
EndProject
Global
	GlobalSection(SolutionConfigurationPlatforms) = preSolution
		Debug|Any CPU = Debug|Any CPU
		Release|Any CPU = Release|Any CPU
	EndGlobalSection
	GlobalSection(SolutionProperties) = preSolution
		HideSolutionNode = FALSE
	EndGlobalSection
	GlobalSection(ProjectConfigurationPlatforms) = postSolution
		{EAD2F971-D17A-46B1-98BD-BB9D31592683}.Debug|Any CPU.ActiveCfg = Debug|Any CPU
		{EAD2F971-D17A-46B1-98BD-BB9D31592683}.Debug|Any CPU.Build.0 = Debug|Any CPU
		{EAD2F971-D17A-46B1-98BD-BB9D31592683}.Release|Any CPU.ActiveCfg = Release|Any CPU
		{EAD2F971-D17A-46B1-98BD-BB9D31592683}.Release|Any CPU.Build.0 = Release|Any CPU
		{277D9E30-55C5-4B7A-B27A-6470341C2854}.Debug|Any CPU.ActiveCfg = Debug|Any CPU
		{277D9E30-55C5-4B7A-B27A-6470341C2854}.Debug|Any CPU.Build.0 = Debug|Any CPU
		{277D9E30-55C5-4B7A-B27A-6470341C2854}.Release|Any CPU.ActiveCfg = Release|Any CPU
		{277D9E30-55C5-4B7A-B27A-6470341C2854}.Release|Any CPU.Build.0 = Release|Any CPU
		{77B97D08-165E-4B52-9106-C77009A5B697}.Debug|Any CPU.ActiveCfg = Debug|Any CPU
		{77B97D08-165E-4B52-9106-C77009A5B697}.Debug|Any CPU.Build.0 = Debug|Any CPU
		{77B97D08-165E-4B52-9106-C77009A5B697}.Release|Any CPU.ActiveCfg = Release|Any CPU
		{77B97D08-165E-4B52-9106-C77009A5B697}.Release|Any CPU.Build.0 = Release|Any CPU
	EndGlobalSection
EndGlobal
